
Microsoft Visual Studio Solution File, Format Version 12.00
# Visual Studio Version 17
VisualStudioVersion = 17.9.34728.123
MinimumVisualStudioVersion = 10.0.40219.1
Project("{8BC9CEB8-8B4A-11D0-8D11-00A0C91BC942}") = "Pointer", "Pointer.vcxproj", "{A4FE0997-D97C-4043-877A-87337D91C2BA}"
EndProject
Project("{2150E333-8FDC-42A3-9474-1A3956D46DE8}") = "Ch2", "Ch2", "{2AEB75E9-1081-4FB8-AF2B-6D64A5AC00F5}"
EndProject
Project("{8BC9CEB8-8B4A-11D0-8D11-00A0C91BC942}") = "Ch2", "..\Ch2\Ch2.vcxproj", "{148B684B-E00E-43B4-A4F1-2DD5A94BB612}"
EndProject
Project("{2150E333-8FDC-42A3-9474-1A3956D46DE8}") = "Input", "Input", "{0E99F6CC-8939-4A11-BB55-F34D46FF758E}"
EndProject
Project("{8BC9CEB8-8B4A-11D0-8D11-00A0C91BC942}") = "PlayerInput", "..\PlayerInput\PlayerInput.vcxproj", "{1A580E38-55FC-4BD5-A228-284F6F2348B2}"
EndProject
Project("{2150E333-8FDC-42A3-9474-1A3956D46DE8}") = "Ch3", "Ch3", "{1E10545B-59D5-478B-82A6-7727D7320F79}"
EndProject
Project("{8BC9CEB8-8B4A-11D0-8D11-00A0C91BC942}") = "Ch3", "..\Ch3\Ch3.vcxproj", "{010DB428-B68C-4004-93F1-6E19C8218CB9}"
EndProject
Project("{2150E333-8FDC-42A3-9474-1A3956D46DE8}") = "Ch4", "Ch4", "{87454EF4-F96E-4E89-9930-4FC23F45DB6F}"
EndProject
Project("{8BC9CEB8-8B4A-11D0-8D11-00A0C91BC942}") = "Ch4", "..\Ch4\Ch4.vcxproj", "{F22A9928-DC7A-4501-B619-7B26558EE195}"
EndProject
Project("{2150E333-8FDC-42A3-9474-1A3956D46DE8}") = "Ch5", "Ch5", "{7767B29C-E8B5-4FB2-8A2F-E85799966C9B}"
EndProject
Project("{8BC9CEB8-8B4A-11D0-8D11-00A0C91BC942}") = "Ch5", "..\Ch5\Ch5.vcxproj", "{C804A83A-9C4C-4F73-81A3-B9003797D352}"
EndProject
Project("{2150E333-8FDC-42A3-9474-1A3956D46DE8}") = "Ch6", "Ch6", "{0806BB87-28FB-4FD9-98BF-D897FECB275D}"
EndProject
Project("{8BC9CEB8-8B4A-11D0-8D11-00A0C91BC942}") = "Ch6", "..\Ch6\Ch6.vcxproj", "{5500DFB6-4A53-4F33-8372-BA70F41B1BA7}"
EndProject
Project("{2150E333-8FDC-42A3-9474-1A3956D46DE8}") = "Ch7", "Ch7", "{F90F5680-9540-4491-AB1C-51C761ADCB32}"
EndProject
Project("{8BC9CEB8-8B4A-11D0-8D11-00A0C91BC942}") = "Ch7", "..\Ch7\Ch7.vcxproj", "{A2E0E399-77F6-4435-8CE3-46891A7F5CEE}"
EndProject
Project("{2150E333-8FDC-42A3-9474-1A3956D46DE8}") = "Ch8", "Ch8", "{D781230A-1C19-48B3-BB48-EE0EB60982A1}"
EndProject
Project("{8BC9CEB8-8B4A-11D0-8D11-00A0C91BC942}") = "Ch8", "..\Ch8\Ch8.vcxproj", "{6A0187C0-F152-4C5C-B66C-D78ABD010859}"
EndProject
Project("{2150E333-8FDC-42A3-9474-1A3956D46DE8}") = "Ch9", "Ch9", "{E2A9F429-4220-4574-9B57-F6C9A6E71831}"
EndProject
Project("{8BC9CEB8-8B4A-11D0-8D11-00A0C91BC942}") = "Ch9", "..\Ch9\Ch9.vcxproj", "{6C6537DE-14AF-4422-AB36-C9C9B4E4A827}"
EndProject
Project("{2150E333-8FDC-42A3-9474-1A3956D46DE8}") = "Ch10", "Ch10", "{C4E3E96E-1D18-4B1D-9E0B-FF08970E0F79}"
EndProject
Project("{8BC9CEB8-8B4A-11D0-8D11-00A0C91BC942}") = "Ch10", "..\Ch10\Ch10.vcxproj", "{55029057-5BE2-4A32-8EB2-945EE4EFD01A}"
EndProject
Project("{2150E333-8FDC-42A3-9474-1A3956D46DE8}") = "Ch11", "Ch11", "{CEE7E778-D042-4A4C-AE22-1620E27C3BA0}"
EndProject
Project("{8BC9CEB8-8B4A-11D0-8D11-00A0C91BC942}") = "Ch11", "..\Ch11\Ch11.vcxproj", "{7FA019E7-08B2-40A8-8050-759E8A3276A5}"
EndProject
Project("{2150E333-8FDC-42A3-9474-1A3956D46DE8}") = "Ch12", "Ch12", "{7153C953-1EFE-478A-8869-4CFA68AFD2BE}"
EndProject
Project("{8BC9CEB8-8B4A-11D0-8D11-00A0C91BC942}") = "Ch12", "..\Ch12\Ch12.vcxproj", "{06BC040B-2903-4662-AAE9-8EE1AE2BC7EC}"
EndProject
Project("{2150E333-8FDC-42A3-9474-1A3956D46DE8}") = "Ch13", "Ch13", "{A8FD8EE9-3E99-4088-8F08-0AA282CD3CD7}"
EndProject
Project("{8BC9CEB8-8B4A-11D0-8D11-00A0C91BC942}") = "Ch13", "..\Ch13\Ch13.vcxproj", "{1858D501-CC1E-4C9B-8E11-71C37A9016A9}"
EndProject
Global
	GlobalSection(SolutionConfigurationPlatforms) = preSolution
		Debug|x64 = Debug|x64
		Debug|x86 = Debug|x86
		Release|x64 = Release|x64
		Release|x86 = Release|x86
	EndGlobalSection
	GlobalSection(ProjectConfigurationPlatforms) = postSolution
		{A4FE0997-D97C-4043-877A-87337D91C2BA}.Debug|x64.ActiveCfg = Debug|x64
		{A4FE0997-D97C-4043-877A-87337D91C2BA}.Debug|x64.Build.0 = Debug|x64
		{A4FE0997-D97C-4043-877A-87337D91C2BA}.Debug|x86.ActiveCfg = Debug|Win32
		{A4FE0997-D97C-4043-877A-87337D91C2BA}.Debug|x86.Build.0 = Debug|Win32
		{A4FE0997-D97C-4043-877A-87337D91C2BA}.Release|x64.ActiveCfg = Release|x64
		{A4FE0997-D97C-4043-877A-87337D91C2BA}.Release|x64.Build.0 = Release|x64
		{A4FE0997-D97C-4043-877A-87337D91C2BA}.Release|x86.ActiveCfg = Release|Win32
		{A4FE0997-D97C-4043-877A-87337D91C2BA}.Release|x86.Build.0 = Release|Win32
		{148B684B-E00E-43B4-A4F1-2DD5A94BB612}.Debug|x64.ActiveCfg = Debug|x64
		{148B684B-E00E-43B4-A4F1-2DD5A94BB612}.Debug|x64.Build.0 = Debug|x64
		{148B684B-E00E-43B4-A4F1-2DD5A94BB612}.Debug|x86.ActiveCfg = Debug|Win32
		{148B684B-E00E-43B4-A4F1-2DD5A94BB612}.Debug|x86.Build.0 = Debug|Win32
		{148B684B-E00E-43B4-A4F1-2DD5A94BB612}.Release|x64.ActiveCfg = Release|x64
		{148B684B-E00E-43B4-A4F1-2DD5A94BB612}.Release|x64.Build.0 = Release|x64
		{148B684B-E00E-43B4-A4F1-2DD5A94BB612}.Release|x86.ActiveCfg = Release|Win32
		{148B684B-E00E-43B4-A4F1-2DD5A94BB612}.Release|x86.Build.0 = Release|Win32
		{1A580E38-55FC-4BD5-A228-284F6F2348B2}.Debug|x64.ActiveCfg = Debug|x64
		{1A580E38-55FC-4BD5-A228-284F6F2348B2}.Debug|x64.Build.0 = Debug|x64
		{1A580E38-55FC-4BD5-A228-284F6F2348B2}.Debug|x86.ActiveCfg = Debug|Win32
		{1A580E38-55FC-4BD5-A228-284F6F2348B2}.Debug|x86.Build.0 = Debug|Win32
		{1A580E38-55FC-4BD5-A228-284F6F2348B2}.Release|x64.ActiveCfg = Release|x64
		{1A580E38-55FC-4BD5-A228-284F6F2348B2}.Release|x64.Build.0 = Release|x64
		{1A580E38-55FC-4BD5-A228-284F6F2348B2}.Release|x86.ActiveCfg = Release|Win32
		{1A580E38-55FC-4BD5-A228-284F6F2348B2}.Release|x86.Build.0 = Release|Win32
		{010DB428-B68C-4004-93F1-6E19C8218CB9}.Debug|x64.ActiveCfg = Debug|x64
		{010DB428-B68C-4004-93F1-6E19C8218CB9}.Debug|x64.Build.0 = Debug|x64
		{010DB428-B68C-4004-93F1-6E19C8218CB9}.Debug|x86.ActiveCfg = Debug|Win32
		{010DB428-B68C-4004-93F1-6E19C8218CB9}.Debug|x86.Build.0 = Debug|Win32
		{010DB428-B68C-4004-93F1-6E19C8218CB9}.Release|x64.ActiveCfg = Release|x64
		{010DB428-B68C-4004-93F1-6E19C8218CB9}.Release|x64.Build.0 = Release|x64
		{010DB428-B68C-4004-93F1-6E19C8218CB9}.Release|x86.ActiveCfg = Release|Win32
		{010DB428-B68C-4004-93F1-6E19C8218CB9}.Release|x86.Build.0 = Release|Win32
		{F22A9928-DC7A-4501-B619-7B26558EE195}.Debug|x64.ActiveCfg = Debug|x64
		{F22A9928-DC7A-4501-B619-7B26558EE195}.Debug|x64.Build.0 = Debug|x64
		{F22A9928-DC7A-4501-B619-7B26558EE195}.Debug|x86.ActiveCfg = Debug|Win32
		{F22A9928-DC7A-4501-B619-7B26558EE195}.Debug|x86.Build.0 = Debug|Win32
		{F22A9928-DC7A-4501-B619-7B26558EE195}.Release|x64.ActiveCfg = Release|x64
		{F22A9928-DC7A-4501-B619-7B26558EE195}.Release|x64.Build.0 = Release|x64
		{F22A9928-DC7A-4501-B619-7B26558EE195}.Release|x86.ActiveCfg = Release|Win32
		{F22A9928-DC7A-4501-B619-7B26558EE195}.Release|x86.Build.0 = Release|Win32
		{C804A83A-9C4C-4F73-81A3-B9003797D352}.Debug|x64.ActiveCfg = Debug|x64
		{C804A83A-9C4C-4F73-81A3-B9003797D352}.Debug|x64.Build.0 = Debug|x64
		{C804A83A-9C4C-4F73-81A3-B9003797D352}.Debug|x86.ActiveCfg = Debug|Win32
		{C804A83A-9C4C-4F73-81A3-B9003797D352}.Debug|x86.Build.0 = Debug|Win32
		{C804A83A-9C4C-4F73-81A3-B9003797D352}.Release|x64.ActiveCfg = Release|x64
		{C804A83A-9C4C-4F73-81A3-B9003797D352}.Release|x64.Build.0 = Release|x64
		{C804A83A-9C4C-4F73-81A3-B9003797D352}.Release|x86.ActiveCfg = Release|Win32
		{C804A83A-9C4C-4F73-81A3-B9003797D352}.Release|x86.Build.0 = Release|Win32
		{5500DFB6-4A53-4F33-8372-BA70F41B1BA7}.Debug|x64.ActiveCfg = Debug|x64
		{5500DFB6-4A53-4F33-8372-BA70F41B1BA7}.Debug|x64.Build.0 = Debug|x64
		{5500DFB6-4A53-4F33-8372-BA70F41B1BA7}.Debug|x86.ActiveCfg = Debug|Win32
		{5500DFB6-4A53-4F33-8372-BA70F41B1BA7}.Debug|x86.Build.0 = Debug|Win32
		{5500DFB6-4A53-4F33-8372-BA70F41B1BA7}.Release|x64.ActiveCfg = Release|x64
		{5500DFB6-4A53-4F33-8372-BA70F41B1BA7}.Release|x64.Build.0 = Release|x64
		{5500DFB6-4A53-4F33-8372-BA70F41B1BA7}.Release|x86.ActiveCfg = Release|Win32
		{5500DFB6-4A53-4F33-8372-BA70F41B1BA7}.Release|x86.Build.0 = Release|Win32
		{A2E0E399-77F6-4435-8CE3-46891A7F5CEE}.Debug|x64.ActiveCfg = Debug|x64
		{A2E0E399-77F6-4435-8CE3-46891A7F5CEE}.Debug|x64.Build.0 = Debug|x64
		{A2E0E399-77F6-4435-8CE3-46891A7F5CEE}.Debug|x86.ActiveCfg = Debug|Win32
		{A2E0E399-77F6-4435-8CE3-46891A7F5CEE}.Debug|x86.Build.0 = Debug|Win32
		{A2E0E399-77F6-4435-8CE3-46891A7F5CEE}.Release|x64.ActiveCfg = Release|x64
		{A2E0E399-77F6-4435-8CE3-46891A7F5CEE}.Release|x64.Build.0 = Release|x64
		{A2E0E399-77F6-4435-8CE3-46891A7F5CEE}.Release|x86.ActiveCfg = Release|Win32
		{A2E0E399-77F6-4435-8CE3-46891A7F5CEE}.Release|x86.Build.0 = Release|Win32
		{6A0187C0-F152-4C5C-B66C-D78ABD010859}.Debug|x64.ActiveCfg = Debug|x64
		{6A0187C0-F152-4C5C-B66C-D78ABD010859}.Debug|x64.Build.0 = Debug|x64
		{6A0187C0-F152-4C5C-B66C-D78ABD010859}.Debug|x86.ActiveCfg = Debug|Win32
		{6A0187C0-F152-4C5C-B66C-D78ABD010859}.Debug|x86.Build.0 = Debug|Win32
		{6A0187C0-F152-4C5C-B66C-D78ABD010859}.Release|x64.ActiveCfg = Release|x64
		{6A0187C0-F152-4C5C-B66C-D78ABD010859}.Release|x64.Build.0 = Release|x64
		{6A0187C0-F152-4C5C-B66C-D78ABD010859}.Release|x86.ActiveCfg = Release|Win32
		{6A0187C0-F152-4C5C-B66C-D78ABD010859}.Release|x86.Build.0 = Release|Win32
		{6C6537DE-14AF-4422-AB36-C9C9B4E4A827}.Debug|x64.ActiveCfg = Debug|x64
		{6C6537DE-14AF-4422-AB36-C9C9B4E4A827}.Debug|x64.Build.0 = Debug|x64
		{6C6537DE-14AF-4422-AB36-C9C9B4E4A827}.Debug|x86.ActiveCfg = Debug|Win32
		{6C6537DE-14AF-4422-AB36-C9C9B4E4A827}.Debug|x86.Build.0 = Debug|Win32
		{6C6537DE-14AF-4422-AB36-C9C9B4E4A827}.Release|x64.ActiveCfg = Release|x64
		{6C6537DE-14AF-4422-AB36-C9C9B4E4A827}.Release|x64.Build.0 = Release|x64
		{6C6537DE-14AF-4422-AB36-C9C9B4E4A827}.Release|x86.ActiveCfg = Release|Win32
		{6C6537DE-14AF-4422-AB36-C9C9B4E4A827}.Release|x86.Build.0 = Release|Win32
		{55029057-5BE2-4A32-8EB2-945EE4EFD01A}.Debug|x64.ActiveCfg = Debug|x64
		{55029057-5BE2-4A32-8EB2-945EE4EFD01A}.Debug|x64.Build.0 = Debug|x64
		{55029057-5BE2-4A32-8EB2-945EE4EFD01A}.Debug|x86.ActiveCfg = Debug|Win32
		{55029057-5BE2-4A32-8EB2-945EE4EFD01A}.Debug|x86.Build.0 = Debug|Win32
		{55029057-5BE2-4A32-8EB2-945EE4EFD01A}.Release|x64.ActiveCfg = Release|x64
		{55029057-5BE2-4A32-8EB2-945EE4EFD01A}.Release|x64.Build.0 = Release|x64
		{55029057-5BE2-4A32-8EB2-945EE4EFD01A}.Release|x86.ActiveCfg = Release|Win32
		{55029057-5BE2-4A32-8EB2-945EE4EFD01A}.Release|x86.Build.0 = Release|Win32
		{7FA019E7-08B2-40A8-8050-759E8A3276A5}.Debug|x64.ActiveCfg = Debug|x64
		{7FA019E7-08B2-40A8-8050-759E8A3276A5}.Debug|x64.Build.0 = Debug|x64
		{7FA019E7-08B2-40A8-8050-759E8A3276A5}.Debug|x86.ActiveCfg = Debug|Win32
		{7FA019E7-08B2-40A8-8050-759E8A3276A5}.Debug|x86.Build.0 = Debug|Win32
		{7FA019E7-08B2-40A8-8050-759E8A3276A5}.Release|x64.ActiveCfg = Release|x64
		{7FA019E7-08B2-40A8-8050-759E8A3276A5}.Release|x64.Build.0 = Release|x64
		{7FA019E7-08B2-40A8-8050-759E8A3276A5}.Release|x86.ActiveCfg = Release|Win32
		{7FA019E7-08B2-40A8-8050-759E8A3276A5}.Release|x86.Build.0 = Release|Win32
		{06BC040B-2903-4662-AAE9-8EE1AE2BC7EC}.Debug|x64.ActiveCfg = Debug|x64
		{06BC040B-2903-4662-AAE9-8EE1AE2BC7EC}.Debug|x64.Build.0 = Debug|x64
		{06BC040B-2903-4662-AAE9-8EE1AE2BC7EC}.Debug|x86.ActiveCfg = Debug|Win32
		{06BC040B-2903-4662-AAE9-8EE1AE2BC7EC}.Debug|x86.Build.0 = Debug|Win32
		{06BC040B-2903-4662-AAE9-8EE1AE2BC7EC}.Release|x64.ActiveCfg = Release|x64
		{06BC040B-2903-4662-AAE9-8EE1AE2BC7EC}.Release|x64.Build.0 = Release|x64
		{06BC040B-2903-4662-AAE9-8EE1AE2BC7EC}.Release|x86.ActiveCfg = Release|Win32
		{06BC040B-2903-4662-AAE9-8EE1AE2BC7EC}.Release|x86.Build.0 = Release|Win32
		{1858D501-CC1E-4C9B-8E11-71C37A9016A9}.Debug|x64.ActiveCfg = Debug|x64
		{1858D501-CC1E-4C9B-8E11-71C37A9016A9}.Debug|x64.Build.0 = Debug|x64
		{1858D501-CC1E-4C9B-8E11-71C37A9016A9}.Debug|x86.ActiveCfg = Debug|Win32
		{1858D501-CC1E-4C9B-8E11-71C37A9016A9}.Debug|x86.Build.0 = Debug|Win32
		{1858D501-CC1E-4C9B-8E11-71C37A9016A9}.Release|x64.ActiveCfg = Release|x64
		{1858D501-CC1E-4C9B-8E11-71C37A9016A9}.Release|x64.Build.0 = Release|x64
		{1858D501-CC1E-4C9B-8E11-71C37A9016A9}.Release|x86.ActiveCfg = Release|Win32
		{1858D501-CC1E-4C9B-8E11-71C37A9016A9}.Release|x86.Build.0 = Release|Win32
	EndGlobalSection
	GlobalSection(SolutionProperties) = preSolution
		HideSolutionNode = FALSE
	EndGlobalSection
	GlobalSection(NestedProjects) = preSolution
		{148B684B-E00E-43B4-A4F1-2DD5A94BB612} = {2AEB75E9-1081-4FB8-AF2B-6D64A5AC00F5}
		{1A580E38-55FC-4BD5-A228-284F6F2348B2} = {0E99F6CC-8939-4A11-BB55-F34D46FF758E}
		{010DB428-B68C-4004-93F1-6E19C8218CB9} = {1E10545B-59D5-478B-82A6-7727D7320F79}
		{F22A9928-DC7A-4501-B619-7B26558EE195} = {87454EF4-F96E-4E89-9930-4FC23F45DB6F}
		{C804A83A-9C4C-4F73-81A3-B9003797D352} = {7767B29C-E8B5-4FB2-8A2F-E85799966C9B}
		{5500DFB6-4A53-4F33-8372-BA70F41B1BA7} = {0806BB87-28FB-4FD9-98BF-D897FECB275D}
		{A2E0E399-77F6-4435-8CE3-46891A7F5CEE} = {F90F5680-9540-4491-AB1C-51C761ADCB32}
		{6A0187C0-F152-4C5C-B66C-D78ABD010859} = {D781230A-1C19-48B3-BB48-EE0EB60982A1}
		{6C6537DE-14AF-4422-AB36-C9C9B4E4A827} = {E2A9F429-4220-4574-9B57-F6C9A6E71831}
		{55029057-5BE2-4A32-8EB2-945EE4EFD01A} = {C4E3E96E-1D18-4B1D-9E0B-FF08970E0F79}
		{7FA019E7-08B2-40A8-8050-759E8A3276A5} = {CEE7E778-D042-4A4C-AE22-1620E27C3BA0}
		{06BC040B-2903-4662-AAE9-8EE1AE2BC7EC} = {7153C953-1EFE-478A-8869-4CFA68AFD2BE}
		{1858D501-CC1E-4C9B-8E11-71C37A9016A9} = {A8FD8EE9-3E99-4088-8F08-0AA282CD3CD7}
	EndGlobalSection
	GlobalSection(ExtensibilityGlobals) = postSolution
		SolutionGuid = {8421CC12-0AFB-4F3F-A863-72B47E07F4F5}
	EndGlobalSection
EndGlobal
